
Microsoft Visual Studio Solution File, Format Version 12.00
# Visual Studio Version 17
VisualStudioVersion = 17.2.32630.192
MinimumVisualStudioVersion = 10.0.40219.1
Project("{9A19103F-16F7-4668-BE54-9A1E7A4F7556}") = "Shoppingapplication", "Shoppingapplication\Shoppingapplication.csproj", "{6963624D-A258-46D0-B727-C0431EC5B178}"
EndProject
Project("{E53339B2-1760-4266-BCC7-CA923CBCF16C}") = "docker-compose", "docker-compose.dcproj", "{20B34015-B4A1-4DD0-B198-CC781A501467}"
EndProject
Global
	GlobalSection(SolutionConfigurationPlatforms) = preSolution
		Debug|Any CPU = Debug|Any CPU
		Release|Any CPU = Release|Any CPU
	EndGlobalSection
	GlobalSection(ProjectConfigurationPlatforms) = postSolution
		{6963624D-A258-46D0-B727-C0431EC5B178}.Debug|Any CPU.ActiveCfg = Debug|Any CPU
		{6963624D-A258-46D0-B727-C0431EC5B178}.Debug|Any CPU.Build.0 = Debug|Any CPU
		{6963624D-A258-46D0-B727-C0431EC5B178}.Release|Any CPU.ActiveCfg = Release|Any CPU
		{6963624D-A258-46D0-B727-C0431EC5B178}.Release|Any CPU.Build.0 = Release|Any CPU
		{20B34015-B4A1-4DD0-B198-CC781A501467}.Debug|Any CPU.ActiveCfg = Debug|Any CPU
		{20B34015-B4A1-4DD0-B198-CC781A501467}.Debug|Any CPU.Build.0 = Debug|Any CPU
		{20B34015-B4A1-4DD0-B198-CC781A501467}.Release|Any CPU.ActiveCfg = Release|Any CPU
		{20B34015-B4A1-4DD0-B198-CC781A501467}.Release|Any CPU.Build.0 = Release|Any CPU
	EndGlobalSection
	GlobalSection(SolutionProperties) = preSolution
		HideSolutionNode = FALSE
	EndGlobalSection
	GlobalSection(ExtensibilityGlobals) = postSolution
		SolutionGuid = {3E791CD2-089A-44A5-A9DF-6818DBBA15C5}
	EndGlobalSection
EndGlobal
